
Microsoft Visual Studio Solution File, Format Version 12.00
# Visual Studio 2013
VisualStudioVersion = 12.0.40629.0
MinimumVisualStudioVersion = 10.0.40219.1
Project("{8BC9CEB8-8B4A-11D0-8D11-00A0C91BC942}") = "ThirdGL", "ThirdGL\ThirdGL.vcxproj", "{5EF6C2B4-1600-4C1B-B6DE-8C567FFE4F37}"
EndProject
Global
	GlobalSection(SolutionConfigurationPlatforms) = preSolution
		Debug|Win32 = Debug|Win32
		Release|Win32 = Release|Win32
	EndGlobalSection
	GlobalSection(ProjectConfigurationPlatforms) = postSolution
		{5EF6C2B4-1600-4C1B-B6DE-8C567FFE4F37}.Debug|Win32.ActiveCfg = Debug|Win32
		{5EF6C2B4-1600-4C1B-B6DE-8C567FFE4F37}.Debug|Win32.Build.0 = Debug|Win32
		{5EF6C2B4-1600-4C1B-B6DE-8C567FFE4F37}.Release|Win32.ActiveCfg = Release|Win32
		{5EF6C2B4-1600-4C1B-B6DE-8C567FFE4F37}.Release|Win32.Build.0 = Release|Win32
	EndGlobalSection
	GlobalSection(SolutionProperties) = preSolution
		HideSolutionNode = FALSE
	EndGlobalSection
EndGlobal
